
Microsoft Visual Studio Solution File, Format Version 12.00
# Visual Studio Version 16
VisualStudioVersion = 16.0.29926.136
MinimumVisualStudioVersion = 10.0.40219.1
Project("{9A19103F-16F7-4668-BE54-9A1E7A4F7556}") = "FunctionCovid", "FunctionCovid\FunctionCovid.csproj", "{50389CD4-7F53-4A94-9837-7BEA485184E9}"
EndProject
Project("{9A19103F-16F7-4668-BE54-9A1E7A4F7556}") = "Utils", "Utils\Utils.csproj", "{E1080185-0176-4133-836F-F34967B21C12}"
EndProject
Project("{FAE04EC0-301F-11D3-BF4B-00C04F79EFBC}") = "Tests", "Tests\Tests.csproj", "{027050D9-082D-4A82-9C48-CFCBE0452F33}"
EndProject
Global
	GlobalSection(SolutionConfigurationPlatforms) = preSolution
		Debug|Any CPU = Debug|Any CPU
		Release|Any CPU = Release|Any CPU
	EndGlobalSection
	GlobalSection(ProjectConfigurationPlatforms) = postSolution
		{50389CD4-7F53-4A94-9837-7BEA485184E9}.Debug|Any CPU.ActiveCfg = Debug|Any CPU
		{50389CD4-7F53-4A94-9837-7BEA485184E9}.Debug|Any CPU.Build.0 = Debug|Any CPU
		{50389CD4-7F53-4A94-9837-7BEA485184E9}.Release|Any CPU.ActiveCfg = Release|Any CPU
		{50389CD4-7F53-4A94-9837-7BEA485184E9}.Release|Any CPU.Build.0 = Release|Any CPU
		{E1080185-0176-4133-836F-F34967B21C12}.Debug|Any CPU.ActiveCfg = Debug|Any CPU
		{E1080185-0176-4133-836F-F34967B21C12}.Debug|Any CPU.Build.0 = Debug|Any CPU
		{E1080185-0176-4133-836F-F34967B21C12}.Release|Any CPU.ActiveCfg = Release|Any CPU
		{E1080185-0176-4133-836F-F34967B21C12}.Release|Any CPU.Build.0 = Release|Any CPU
		{027050D9-082D-4A82-9C48-CFCBE0452F33}.Debug|Any CPU.ActiveCfg = Debug|Any CPU
		{027050D9-082D-4A82-9C48-CFCBE0452F33}.Debug|Any CPU.Build.0 = Debug|Any CPU
		{027050D9-082D-4A82-9C48-CFCBE0452F33}.Release|Any CPU.ActiveCfg = Release|Any CPU
		{027050D9-082D-4A82-9C48-CFCBE0452F33}.Release|Any CPU.Build.0 = Release|Any CPU
	EndGlobalSection
	GlobalSection(SolutionProperties) = preSolution
		HideSolutionNode = FALSE
	EndGlobalSection
	GlobalSection(ExtensibilityGlobals) = postSolution
		SolutionGuid = {DCF708B6-1AD5-4EC3-9A91-1E1686738C9C}
	EndGlobalSection
EndGlobal
